{
	"requires": true,
	"lockfileVersion": 1,
	"dependencies": {
		"argparse": {
			"version": "1.0.9",
			"resolved": "https://registry.npmjs.org/argparse/-/argparse-1.0.9.tgz",
			"integrity": "sha1-c9g7wmP4bpf4zE9rrhsOkKfSLIY=",
			"requires": {
				"sprintf-js": "1.0.3"
			}
		},
		"clone-function": {
			"version": "1.0.6",
			"resolved": "https://registry.npmjs.org/clone-function/-/clone-function-1.0.6.tgz",
			"integrity": "sha1-QoRxk3dQvKnEjsv7wW9uIy90oD0="
		},
		"esprima": {
			"version": "4.0.0",
			"resolved": "https://registry.npmjs.org/esprima/-/esprima-4.0.0.tgz",
			"integrity": "sha512-oftTcaMu/EGrEIu904mWteKIv8vMuOgGYo7EhVJJN00R/EED9DCua/xxHRdYnKtcECzVg7xOWhflvJMnqcFZjw=="
		},
		"js-yaml": {
			"version": "3.9.1",
			"resolved": "https://registry.npmjs.org/js-yaml/-/js-yaml-3.9.1.tgz",
			"integrity": "sha512-CbcG379L1e+mWBnLvHWWeLs8GyV/EMw862uLI3c+GxVyDHWZcjZinwuBd3iW2pgxgIlksW/1vNJa4to+RvDOww==",
			"requires": {
				"argparse": "1.0.9",
				"esprima": "4.0.0"
			}
		},
		"object-foreach": {
			"version": "0.1.2",
			"resolved": "https://registry.npmjs.org/object-foreach/-/object-foreach-0.1.2.tgz",
			"integrity": "sha1-10IcW0DjtqPvV6xiQ2jSHY+NLew="
		},
		"object-merge": {
			"version": "2.5.1",
			"resolved": "https://registry.npmjs.org/object-merge/-/object-merge-2.5.1.tgz",
			"integrity": "sha1-B36JFc446nKUeIRIxd0znjTfQic=",
			"requires": {
				"clone-function": "1.0.6",
				"object-foreach": "0.1.2"
			}
		},
		"sprintf-js": {
			"version": "1.0.3",
			"resolved": "https://registry.npmjs.org/sprintf-js/-/sprintf-js-1.0.3.tgz",
			"integrity": "sha1-BOaSb2YolTVPPdAVIDYzuFcpfiw="
		}
	}
}
